
Microsoft Visual Studio Solution File, Format Version 12.00
# Visual Studio Version 16
VisualStudioVersion = 16.0.34407.143
MinimumVisualStudioVersion = 10.0.40219.1
Project("{FAE04EC0-301F-11D3-BF4B-00C04F79EFBC}") = "taotrangweb", "taotrangweb\taotrangweb.csproj", "{1F7B8E0F-6A85-4BF9-BC53-AF219F20C152}"
EndProject
Global
	GlobalSection(SolutionConfigurationPlatforms) = preSolution
		Debug|Any CPU = Debug|Any CPU
		Release|Any CPU = Release|Any CPU
	EndGlobalSection
	GlobalSection(ProjectConfigurationPlatforms) = postSolution
		{1F7B8E0F-6A85-4BF9-BC53-AF219F20C152}.Debug|Any CPU.ActiveCfg = Debug|Any CPU
		{1F7B8E0F-6A85-4BF9-BC53-AF219F20C152}.Debug|Any CPU.Build.0 = Debug|Any CPU
		{1F7B8E0F-6A85-4BF9-BC53-AF219F20C152}.Release|Any CPU.ActiveCfg = Release|Any CPU
		{1F7B8E0F-6A85-4BF9-BC53-AF219F20C152}.Release|Any CPU.Build.0 = Release|Any CPU
	EndGlobalSection
	GlobalSection(SolutionProperties) = preSolution
		HideSolutionNode = FALSE
	EndGlobalSection
	GlobalSection(ExtensibilityGlobals) = postSolution
		SolutionGuid = {785C6501-808A-4FD9-AE91-BF6B1D17A0F0}
	EndGlobalSection
EndGlobal
